
Microsoft Visual Studio Solution File, Format Version 12.00
# Visual Studio Version 17
VisualStudioVersion = 17.10.35013.160
MinimumVisualStudioVersion = 10.0.40219.1
Project("{9A19103F-16F7-4668-BE54-9A1E7A4F7556}") = "ControlConjuntoClient", "ControlConjuntoClient.csproj", "{A1885B7F-F634-4BBF-8C9F-6893D2AB7E2F}"
EndProject
Global
	GlobalSection(SolutionConfigurationPlatforms) = preSolution
		Debug|Any CPU = Debug|Any CPU
		Release|Any CPU = Release|Any CPU
	EndGlobalSection
	GlobalSection(ProjectConfigurationPlatforms) = postSolution
		{A1885B7F-F634-4BBF-8C9F-6893D2AB7E2F}.Debug|Any CPU.ActiveCfg = Debug|Any CPU
		{A1885B7F-F634-4BBF-8C9F-6893D2AB7E2F}.Debug|Any CPU.Build.0 = Debug|Any CPU
		{A1885B7F-F634-4BBF-8C9F-6893D2AB7E2F}.Release|Any CPU.ActiveCfg = Release|Any CPU
		{A1885B7F-F634-4BBF-8C9F-6893D2AB7E2F}.Release|Any CPU.Build.0 = Release|Any CPU
	EndGlobalSection
	GlobalSection(SolutionProperties) = preSolution
		HideSolutionNode = FALSE
	EndGlobalSection
	GlobalSection(ExtensibilityGlobals) = postSolution
		SolutionGuid = {BF5D2BBF-C8C9-4AE5-9B09-E6E231BA9AFB}
	EndGlobalSection
EndGlobal
